
Microsoft Visual Studio Solution File, Format Version 12.00
# Visual Studio Version 16
VisualStudioVersion = 16.0.33529.622
MinimumVisualStudioVersion = 10.0.40219.1
Project("{8BC9CEB8-8B4A-11D0-8D11-00A0C91BC942}") = "RemoteCtrl", "RemoteCtrl\RemoteCtrl.vcxproj", "{8A62B2B7-B1E5-4C62-AF54-7906896C52B0}"
EndProject
Project("{8BC9CEB8-8B4A-11D0-8D11-00A0C91BC942}") = "RemoteClient", "RemoteClient\RemoteClient.vcxproj", "{E9F638D0-D3FD-4CF8-99C4-956808845C20}"
EndProject
Global
	GlobalSection(SolutionConfigurationPlatforms) = preSolution
		Debug|x64 = Debug|x64
		Debug|x86 = Debug|x86
		Release|x64 = Release|x64
		Release|x86 = Release|x86
	EndGlobalSection
	GlobalSection(ProjectConfigurationPlatforms) = postSolution
		{8A62B2B7-B1E5-4C62-AF54-7906896C52B0}.Debug|x64.ActiveCfg = Debug|x64
		{8A62B2B7-B1E5-4C62-AF54-7906896C52B0}.Debug|x64.Build.0 = Debug|x64
		{8A62B2B7-B1E5-4C62-AF54-7906896C52B0}.Debug|x86.ActiveCfg = Debug|Win32
		{8A62B2B7-B1E5-4C62-AF54-7906896C52B0}.Debug|x86.Build.0 = Debug|Win32
		{8A62B2B7-B1E5-4C62-AF54-7906896C52B0}.Release|x64.ActiveCfg = Release|x64
		{8A62B2B7-B1E5-4C62-AF54-7906896C52B0}.Release|x64.Build.0 = Release|x64
		{8A62B2B7-B1E5-4C62-AF54-7906896C52B0}.Release|x86.ActiveCfg = Release|Win32
		{8A62B2B7-B1E5-4C62-AF54-7906896C52B0}.Release|x86.Build.0 = Release|Win32
		{E9F638D0-D3FD-4CF8-99C4-956808845C20}.Debug|x64.ActiveCfg = Debug|x64
		{E9F638D0-D3FD-4CF8-99C4-956808845C20}.Debug|x64.Build.0 = Debug|x64
		{E9F638D0-D3FD-4CF8-99C4-956808845C20}.Debug|x86.ActiveCfg = Debug|Win32
		{E9F638D0-D3FD-4CF8-99C4-956808845C20}.Debug|x86.Build.0 = Debug|Win32
		{E9F638D0-D3FD-4CF8-99C4-956808845C20}.Release|x64.ActiveCfg = Release|x64
		{E9F638D0-D3FD-4CF8-99C4-956808845C20}.Release|x64.Build.0 = Release|x64
		{E9F638D0-D3FD-4CF8-99C4-956808845C20}.Release|x86.ActiveCfg = Release|Win32
		{E9F638D0-D3FD-4CF8-99C4-956808845C20}.Release|x86.Build.0 = Release|Win32
	EndGlobalSection
	GlobalSection(SolutionProperties) = preSolution
		HideSolutionNode = FALSE
	EndGlobalSection
	GlobalSection(ExtensibilityGlobals) = postSolution
		SolutionGuid = {5DD5AC42-8C97-4FF9-8B53-9CEF78817F76}
	EndGlobalSection
EndGlobal
